
Microsoft Visual Studio Solution File, Format Version 12.00
# Visual Studio 15
VisualStudioVersion = 15.0.26730.15
MinimumVisualStudioVersion = 10.0.40219.1
Project("{FAE04EC0-301F-11D3-BF4B-00C04F79EFBC}") = "CoderaShopping", "CoderaShopping\CoderaShopping.csproj", "{1E2BF4B9-2C8F-41F4-B364-153AE379CFCF}"
EndProject
Project("{FAE04EC0-301F-11D3-BF4B-00C04F79EFBC}") = "CoderaShopping.Domain", "CoderaShopping.Domain\CoderaShopping.Domain.csproj", "{E3E90841-09FD-4023-B48A-CCC767F29720}"
EndProject
Project("{FAE04EC0-301F-11D3-BF4B-00C04F79EFBC}") = "CoderaShopping.DataNHibernate", "CoderaShopping.DataNHibernate\CoderaShopping.DataNHibernate.csproj", "{CCBFBBC5-956E-4E5D-B443-AB631673EEB7}"
EndProject
Project("{FAE04EC0-301F-11D3-BF4B-00C04F79EFBC}") = "CoderaShopping.Business", "CoderaShopping.Business\CoderaShopping.Business.csproj", "{436C885D-01E3-45CE-A99B-AC131970EDA5}"
EndProject
Global
	GlobalSection(SolutionConfigurationPlatforms) = preSolution
		Debug|Any CPU = Debug|Any CPU
		Release|Any CPU = Release|Any CPU
	EndGlobalSection
	GlobalSection(ProjectConfigurationPlatforms) = postSolution
		{1E2BF4B9-2C8F-41F4-B364-153AE379CFCF}.Debug|Any CPU.ActiveCfg = Debug|Any CPU
		{1E2BF4B9-2C8F-41F4-B364-153AE379CFCF}.Debug|Any CPU.Build.0 = Debug|Any CPU
		{1E2BF4B9-2C8F-41F4-B364-153AE379CFCF}.Release|Any CPU.ActiveCfg = Release|Any CPU
		{1E2BF4B9-2C8F-41F4-B364-153AE379CFCF}.Release|Any CPU.Build.0 = Release|Any CPU
		{E3E90841-09FD-4023-B48A-CCC767F29720}.Debug|Any CPU.ActiveCfg = Debug|Any CPU
		{E3E90841-09FD-4023-B48A-CCC767F29720}.Debug|Any CPU.Build.0 = Debug|Any CPU
		{E3E90841-09FD-4023-B48A-CCC767F29720}.Release|Any CPU.ActiveCfg = Release|Any CPU
		{E3E90841-09FD-4023-B48A-CCC767F29720}.Release|Any CPU.Build.0 = Release|Any CPU
		{CCBFBBC5-956E-4E5D-B443-AB631673EEB7}.Debug|Any CPU.ActiveCfg = Debug|Any CPU
		{CCBFBBC5-956E-4E5D-B443-AB631673EEB7}.Debug|Any CPU.Build.0 = Debug|Any CPU
		{CCBFBBC5-956E-4E5D-B443-AB631673EEB7}.Release|Any CPU.ActiveCfg = Release|Any CPU
		{CCBFBBC5-956E-4E5D-B443-AB631673EEB7}.Release|Any CPU.Build.0 = Release|Any CPU
		{436C885D-01E3-45CE-A99B-AC131970EDA5}.Debug|Any CPU.ActiveCfg = Debug|Any CPU
		{436C885D-01E3-45CE-A99B-AC131970EDA5}.Debug|Any CPU.Build.0 = Debug|Any CPU
		{436C885D-01E3-45CE-A99B-AC131970EDA5}.Release|Any CPU.ActiveCfg = Release|Any CPU
		{436C885D-01E3-45CE-A99B-AC131970EDA5}.Release|Any CPU.Build.0 = Release|Any CPU
	EndGlobalSection
	GlobalSection(SolutionProperties) = preSolution
		HideSolutionNode = FALSE
	EndGlobalSection
	GlobalSection(ExtensibilityGlobals) = postSolution
		SolutionGuid = {E1A75951-B77A-4BDD-8C3C-6557397EB647}
	EndGlobalSection
EndGlobal
